
Microsoft Visual Studio Solution File, Format Version 12.00
# Visual Studio Version 17
VisualStudioVersion = 17.8.34330.188
MinimumVisualStudioVersion = 10.0.40219.1
Project("{FAE04EC0-301F-11D3-BF4B-00C04F79EFBC}") = "Supermarket", "Supermarket.csproj", "{54453C4A-8C9E-4B34-9C6F-B536A65A35F8}"
EndProject
Global
	GlobalSection(SolutionConfigurationPlatforms) = preSolution
		Debug|Any CPU = Debug|Any CPU
		Release|Any CPU = Release|Any CPU
	EndGlobalSection
	GlobalSection(ProjectConfigurationPlatforms) = postSolution
		{54453C4A-8C9E-4B34-9C6F-B536A65A35F8}.Debug|Any CPU.ActiveCfg = Debug|Any CPU
		{54453C4A-8C9E-4B34-9C6F-B536A65A35F8}.Debug|Any CPU.Build.0 = Debug|Any CPU
		{54453C4A-8C9E-4B34-9C6F-B536A65A35F8}.Release|Any CPU.ActiveCfg = Release|Any CPU
		{54453C4A-8C9E-4B34-9C6F-B536A65A35F8}.Release|Any CPU.Build.0 = Release|Any CPU
	EndGlobalSection
	GlobalSection(SolutionProperties) = preSolution
		HideSolutionNode = FALSE
	EndGlobalSection
	GlobalSection(ExtensibilityGlobals) = postSolution
		SolutionGuid = {68239D71-2350-45AF-A7AB-D7EC1C52333A}
	EndGlobalSection
EndGlobal
